
Microsoft Visual Studio Solution File, Format Version 12.00
# Visual Studio Version 17
VisualStudioVersion = 17.4.33110.190
MinimumVisualStudioVersion = 10.0.40219.1
Project("{FAE04EC0-301F-11D3-BF4B-00C04F79EFBC}") = "Market and oil station task", "Market and oil station task\Market and oil station task.csproj", "{4789D867-B8A7-48A2-923D-1E357F11E4F0}"
EndProject
Global
	GlobalSection(SolutionConfigurationPlatforms) = preSolution
		Debug|Any CPU = Debug|Any CPU
		Release|Any CPU = Release|Any CPU
	EndGlobalSection
	GlobalSection(ProjectConfigurationPlatforms) = postSolution
		{4789D867-B8A7-48A2-923D-1E357F11E4F0}.Debug|Any CPU.ActiveCfg = Debug|Any CPU
		{4789D867-B8A7-48A2-923D-1E357F11E4F0}.Debug|Any CPU.Build.0 = Debug|Any CPU
		{4789D867-B8A7-48A2-923D-1E357F11E4F0}.Release|Any CPU.ActiveCfg = Release|Any CPU
		{4789D867-B8A7-48A2-923D-1E357F11E4F0}.Release|Any CPU.Build.0 = Release|Any CPU
	EndGlobalSection
	GlobalSection(SolutionProperties) = preSolution
		HideSolutionNode = FALSE
	EndGlobalSection
	GlobalSection(ExtensibilityGlobals) = postSolution
		SolutionGuid = {50F60CFB-DE93-45B7-A4C7-F4162A0BBCBA}
	EndGlobalSection
EndGlobal
